{
  "requires": true,
  "lockfileVersion": 1,
  "dependencies": {
    "@babel/runtime": {
      "version": "7.14.5",
      "resolved": "https://registry.npmjs.org/@babel/runtime/-/runtime-7.14.5.tgz",
      "integrity": "sha512-121rumjddw9c3NCQ55KGkyE1h/nzWhU/owjhw0l4mQrkzz4x9SGS1X8gFLraHwX7td3Yo4QTL+qj0NcIzN87BA==",
      "requires": {
        "regenerator-runtime": "^0.13.4"
      }
    },
    "cross-fetch": {
      "version": "3.1.4",
      "resolved": "https://registry.npmjs.org/cross-fetch/-/cross-fetch-3.1.4.tgz",
      "integrity": "sha512-1eAtFWdIubi6T4XPy6ei9iUFoKpUkIF971QLN8lIvvvwueI65+Nw5haMNKUwfJxabqlIIDODJKGrQ66gxC0PbQ==",
      "requires": {
        "node-fetch": "2.6.1"
      }
    },
    "html-parse-stringify": {
      "version": "3.0.1",
      "resolved": "https://registry.npmjs.org/html-parse-stringify/-/html-parse-stringify-3.0.1.tgz",
      "integrity": "sha512-KknJ50kTInJ7qIScF3jeaFRpMpE8/lfiTdzf/twXyPBLAGrLRTmkz3AdTnKeh40X8k9L2fdYwEp/42WGXIRGcg==",
      "requires": {
        "void-elements": "3.1.0"
      }
    },
    "i18next": {
      "version": "20.3.1",
      "resolved": "https://registry.npmjs.org/i18next/-/i18next-20.3.1.tgz",
      "integrity": "sha512-WTY07KreR5z2LBSzAIKs05zpR5tgUT98C4fD96e7Risbc/HZePwF6AEnb9VkjdeSeRn9PDqQBay7ZkphuXt0Xw==",
      "requires": {
        "@babel/runtime": "^7.12.0"
      }
    },
    "i18next-browser-languagedetector": {
      "version": "6.1.1",
      "resolved": "https://registry.npmjs.org/i18next-browser-languagedetector/-/i18next-browser-languagedetector-6.1.1.tgz",
      "integrity": "sha512-hckgbBdCpJPhkGUANe6tsvD52k9R7GuYskG0EaIw89pZz3owUvUEwXHqM5pX1Pn93jz+O65Y09ikwJrMkqtq2Q==",
      "requires": {
        "@babel/runtime": "^7.5.5"
      }
    },
    "i18next-http-backend": {
      "version": "1.2.6",
      "resolved": "https://registry.npmjs.org/i18next-http-backend/-/i18next-http-backend-1.2.6.tgz",
      "integrity": "sha512-NeNNRofj+rR6Cw+/Elf8bCVaCiqWg2Y6F+CrmDvHiPzAW2Dtxxlk8O0na2et/rr1n3ST6rJr4nMXH/QOFuhaeA==",
      "requires": {
        "cross-fetch": "3.1.4"
      }
    },
    "node-fetch": {
      "version": "2.6.1",
      "resolved": "https://registry.npmjs.org/node-fetch/-/node-fetch-2.6.1.tgz",
      "integrity": "sha512-V4aYg89jEoVRxRb2fJdAg8FHvI7cEyYdVAh94HH0UIK8oJxUfkjlDQN9RbMx+bEjP7+ggMiFRprSti032Oipxw=="
    },
    "react-i18next": {
      "version": "11.11.0",
      "resolved": "https://registry.npmjs.org/react-i18next/-/react-i18next-11.11.0.tgz",
      "integrity": "sha512-p1jHmoyJgDFQmyubUEjrx6kCsr1izW/C8i9pOiJy+9lJqLYwNA8sElVplm0VAnop3kH68edT0/g3wB3UvAcRCQ==",
      "requires": {
        "@babel/runtime": "^7.14.5",
        "html-parse-stringify": "^3.0.1"
      }
    },
    "regenerator-runtime": {
      "version": "0.13.7",
      "resolved": "https://registry.npmjs.org/regenerator-runtime/-/regenerator-runtime-0.13.7.tgz",
      "integrity": "sha512-a54FxoJDIr27pgf7IgeQGxmqUNYrcV338lf/6gH456HZ/PhX+5BcwHXG9ajESmwe6WRO0tAzRUrRmNONWgkrew=="
    },
    "void-elements": {
      "version": "3.1.0",
      "resolved": "https://registry.npmjs.org/void-elements/-/void-elements-3.1.0.tgz",
      "integrity": "sha1-YU9/v42AHwu18GYfWy9XhXUOTwk="
    }
  }
}
